
Microsoft Visual Studio Solution File, Format Version 12.00
# Visual Studio Version 17
VisualStudioVersion = 17.1.32210.238
MinimumVisualStudioVersion = 10.0.40219.1
Project("{FAE04EC0-301F-11D3-BF4B-00C04F79EFBC}") = "Baekjoon", "Baekjoon\Baekjoon.csproj", "{C6768F7A-F64A-49DD-AE45-E0E01D0389AF}"
EndProject
Global
	GlobalSection(SolutionConfigurationPlatforms) = preSolution
		Debug|Any CPU = Debug|Any CPU
		Release|Any CPU = Release|Any CPU
	EndGlobalSection
	GlobalSection(ProjectConfigurationPlatforms) = postSolution
		{C6768F7A-F64A-49DD-AE45-E0E01D0389AF}.Debug|Any CPU.ActiveCfg = Debug|Any CPU
		{C6768F7A-F64A-49DD-AE45-E0E01D0389AF}.Debug|Any CPU.Build.0 = Debug|Any CPU
		{C6768F7A-F64A-49DD-AE45-E0E01D0389AF}.Release|Any CPU.ActiveCfg = Release|Any CPU
		{C6768F7A-F64A-49DD-AE45-E0E01D0389AF}.Release|Any CPU.Build.0 = Release|Any CPU
	EndGlobalSection
	GlobalSection(SolutionProperties) = preSolution
		HideSolutionNode = FALSE
	EndGlobalSection
	GlobalSection(ExtensibilityGlobals) = postSolution
		SolutionGuid = {6B1E412E-9641-4330-A01F-0A9D45272D29}
	EndGlobalSection
EndGlobal
